
Microsoft Visual Studio Solution File, Format Version 12.00
# Visual Studio Version 16
VisualStudioVersion = 16.0.30717.126
MinimumVisualStudioVersion = 10.0.40219.1
Project("{9A19103F-16F7-4668-BE54-9A1E7A4F7556}") = "StockVest", "StockVest.csproj", "{1BE7EE8B-8E93-405A-A959-71F262E2AFDC}"
EndProject
Project("{9A19103F-16F7-4668-BE54-9A1E7A4F7556}") = "StockVest.Entity", "..\StockVest.Entity\StockVest.Entity.csproj", "{6A180133-65FA-4AE4-A5E5-BE419C11B514}"
EndProject
Project("{FAE04EC0-301F-11D3-BF4B-00C04F79EFBC}") = "StockTesting", "..\StockTesting\StockTesting.csproj", "{46984B1C-F932-4E73-BC35-183DB2A2B679}"
EndProject
Project("{FAE04EC0-301F-11D3-BF4B-00C04F79EFBC}") = "StockVest.Repository", "..\StockVest.Repository\StockVest.Repository.csproj", "{270CDC89-B9EA-423D-88F1-D793AB7C1768}"
EndProject
Global
	GlobalSection(SolutionConfigurationPlatforms) = preSolution
		Debug|Any CPU = Debug|Any CPU
		Release|Any CPU = Release|Any CPU
	EndGlobalSection
	GlobalSection(ProjectConfigurationPlatforms) = postSolution
		{1BE7EE8B-8E93-405A-A959-71F262E2AFDC}.Debug|Any CPU.ActiveCfg = Debug|Any CPU
		{1BE7EE8B-8E93-405A-A959-71F262E2AFDC}.Debug|Any CPU.Build.0 = Debug|Any CPU
		{1BE7EE8B-8E93-405A-A959-71F262E2AFDC}.Release|Any CPU.ActiveCfg = Release|Any CPU
		{1BE7EE8B-8E93-405A-A959-71F262E2AFDC}.Release|Any CPU.Build.0 = Release|Any CPU
		{6A180133-65FA-4AE4-A5E5-BE419C11B514}.Debug|Any CPU.ActiveCfg = Debug|Any CPU
		{6A180133-65FA-4AE4-A5E5-BE419C11B514}.Debug|Any CPU.Build.0 = Debug|Any CPU
		{6A180133-65FA-4AE4-A5E5-BE419C11B514}.Release|Any CPU.ActiveCfg = Release|Any CPU
		{6A180133-65FA-4AE4-A5E5-BE419C11B514}.Release|Any CPU.Build.0 = Release|Any CPU
		{46984B1C-F932-4E73-BC35-183DB2A2B679}.Debug|Any CPU.ActiveCfg = Debug|Any CPU
		{46984B1C-F932-4E73-BC35-183DB2A2B679}.Debug|Any CPU.Build.0 = Debug|Any CPU
		{46984B1C-F932-4E73-BC35-183DB2A2B679}.Release|Any CPU.ActiveCfg = Release|Any CPU
		{46984B1C-F932-4E73-BC35-183DB2A2B679}.Release|Any CPU.Build.0 = Release|Any CPU
		{270CDC89-B9EA-423D-88F1-D793AB7C1768}.Debug|Any CPU.ActiveCfg = Debug|Any CPU
		{270CDC89-B9EA-423D-88F1-D793AB7C1768}.Debug|Any CPU.Build.0 = Debug|Any CPU
		{270CDC89-B9EA-423D-88F1-D793AB7C1768}.Release|Any CPU.ActiveCfg = Release|Any CPU
		{270CDC89-B9EA-423D-88F1-D793AB7C1768}.Release|Any CPU.Build.0 = Release|Any CPU
	EndGlobalSection
	GlobalSection(SolutionProperties) = preSolution
		HideSolutionNode = FALSE
	EndGlobalSection
	GlobalSection(ExtensibilityGlobals) = postSolution
		SolutionGuid = {88B212A0-04D2-46C5-9CB6-8ED644A7F5D8}
	EndGlobalSection
EndGlobal
